
Microsoft Visual Studio Solution File, Format Version 12.00
# Visual Studio 14
VisualStudioVersion = 14.0.23107.0
MinimumVisualStudioVersion = 10.0.40219.1
Project("{8BC9CEB8-8B4A-11D0-8D11-00A0C91BC942}") = "WindowSwitch", "WindowSwitch.vcxproj", "{943E663A-327F-44DE-954C-6723104AF218}"
EndProject
Global
	GlobalSection(SolutionConfigurationPlatforms) = preSolution
		Debug|Win32 = Debug|Win32
		Debug|x64 = Debug|x64
		Release|Win32 = Release|Win32
		Release|x64 = Release|x64
		Description = 
	EndGlobalSection
	GlobalSection(ProjectConfigurationPlatforms) = postSolution
		{943E663A-327F-44DE-954C-6723104AF218}.Debug|Win32.ActiveCfg = Debug|Win32
		{943E663A-327F-44DE-954C-6723104AF218}.Debug|Win32.Build.0 = Debug|Win32
		{943E663A-327F-44DE-954C-6723104AF218}.Debug|x64.ActiveCfg = Debug|x64
		{943E663A-327F-44DE-954C-6723104AF218}.Debug|x64.Build.0 = Debug|x64
		{943E663A-327F-44DE-954C-6723104AF218}.Release|Win32.ActiveCfg = Release|Win32
		{943E663A-327F-44DE-954C-6723104AF218}.Release|Win32.Build.0 = Release|Win32
		{943E663A-327F-44DE-954C-6723104AF218}.Release|x64.ActiveCfg = Release|x64
		{943E663A-327F-44DE-954C-6723104AF218}.Release|x64.Build.0 = Release|x64
	EndGlobalSection
	GlobalSection(SolutionProperties) = preSolution
		HideSolutionNode = FALSE
	EndGlobalSection
EndGlobal
